{
  "name": "simplyinvite-showcase-page",
  "version": "1.0.0",
  "lockfileVersion": 3,
  "requires": true,
  "packages": {
    "": {
      "name": "simplyinvite-showcase-page",
      "version": "1.0.0",
      "license": "ISC",
      "dependencies": {
        "simplyinvite-showcase-page": "file:"
      }
    },
    "node_modules/simplyinvite-showcase-page": {
      "resolved": "",
      "link": true
    }
  }
}
